
Microsoft Visual Studio Solution File, Format Version 12.00
# Visual Studio 15
VisualStudioVersion = 15.0.27130.2010
MinimumVisualStudioVersion = 10.0.40219.1
Project("{8BC9CEB8-8B4A-11D0-8D11-00A0C91BC942}") = "nptunnel.new.bridge.win", "nptunnel.new.bridge.win\nptunnel.new.bridge.win.vcxproj", "{4AA927B3-E0AB-44FB-9F59-55889CCAAFC1}"
EndProject
Project("{8BC9CEB8-8B4A-11D0-8D11-00A0C91BC942}") = "nptunnel.new.bridge.linux", "nptunnel.new.bridge.win\nptunnel.new.bridge.linux.vcxproj", "{FC73CF48-79AC-42C8-ACD5-514F1DCAE184}"
EndProject
Global
	GlobalSection(SolutionConfigurationPlatforms) = preSolution
		Debug|ARM = Debug|ARM
		Debug|x64 = Debug|x64
		Debug|x86 = Debug|x86
		Release|ARM = Release|ARM
		Release|x64 = Release|x64
		Release|x86 = Release|x86
	EndGlobalSection
	GlobalSection(ProjectConfigurationPlatforms) = postSolution
		{4AA927B3-E0AB-44FB-9F59-55889CCAAFC1}.Debug|ARM.ActiveCfg = Debug|Win32
		{4AA927B3-E0AB-44FB-9F59-55889CCAAFC1}.Debug|x64.ActiveCfg = Debug|x64
		{4AA927B3-E0AB-44FB-9F59-55889CCAAFC1}.Debug|x64.Build.0 = Debug|x64
		{4AA927B3-E0AB-44FB-9F59-55889CCAAFC1}.Debug|x86.ActiveCfg = Debug|Win32
		{4AA927B3-E0AB-44FB-9F59-55889CCAAFC1}.Debug|x86.Build.0 = Debug|Win32
		{4AA927B3-E0AB-44FB-9F59-55889CCAAFC1}.Release|ARM.ActiveCfg = Release|Win32
		{4AA927B3-E0AB-44FB-9F59-55889CCAAFC1}.Release|x64.ActiveCfg = Release|Win32
		{4AA927B3-E0AB-44FB-9F59-55889CCAAFC1}.Release|x64.Build.0 = Release|Win32
		{4AA927B3-E0AB-44FB-9F59-55889CCAAFC1}.Release|x86.ActiveCfg = Release|Win32
		{4AA927B3-E0AB-44FB-9F59-55889CCAAFC1}.Release|x86.Build.0 = Release|Win32
		{FC73CF48-79AC-42C8-ACD5-514F1DCAE184}.Debug|ARM.ActiveCfg = Debug|ARM
		{FC73CF48-79AC-42C8-ACD5-514F1DCAE184}.Debug|ARM.Build.0 = Debug|ARM
		{FC73CF48-79AC-42C8-ACD5-514F1DCAE184}.Debug|x64.ActiveCfg = Debug|x64
		{FC73CF48-79AC-42C8-ACD5-514F1DCAE184}.Debug|x64.Build.0 = Debug|x64
		{FC73CF48-79AC-42C8-ACD5-514F1DCAE184}.Debug|x86.ActiveCfg = Debug|x86
		{FC73CF48-79AC-42C8-ACD5-514F1DCAE184}.Debug|x86.Build.0 = Debug|x86
		{FC73CF48-79AC-42C8-ACD5-514F1DCAE184}.Release|ARM.ActiveCfg = Release|ARM
		{FC73CF48-79AC-42C8-ACD5-514F1DCAE184}.Release|ARM.Build.0 = Release|ARM
		{FC73CF48-79AC-42C8-ACD5-514F1DCAE184}.Release|x64.ActiveCfg = Release|x64
		{FC73CF48-79AC-42C8-ACD5-514F1DCAE184}.Release|x64.Build.0 = Release|x64
		{FC73CF48-79AC-42C8-ACD5-514F1DCAE184}.Release|x86.ActiveCfg = Release|x86
		{FC73CF48-79AC-42C8-ACD5-514F1DCAE184}.Release|x86.Build.0 = Release|x86
	EndGlobalSection
	GlobalSection(SolutionProperties) = preSolution
		HideSolutionNode = FALSE
	EndGlobalSection
	GlobalSection(ExtensibilityGlobals) = postSolution
		SolutionGuid = {9978C8CC-1D28-470A-A49C-AB68320E0C96}
	EndGlobalSection
EndGlobal
